// !$*UTF8*$!
{
	archiveVersion = 1;
	classes = {
	};
	objectVersion = 50;
	objects = {

/* Begin PBXBuildFile section */
		FE750ADA238C27270004CF24 /* AppDelegate.swift in Sources */ = {isa = PBXBuildFile; fileRef = FE750AD9238C27270004CF24 /* AppDelegate.swift */; };
		FE750ADE238C27270004CF24 /* ViewController.swift in Sources */ = {isa = PBXBuildFile; fileRef = FE750ADD238C27270004CF24 /* ViewController.swift */; };
		FE750AE1238C27270004CF24 /* Main.storyboard in Resources */ = {isa = PBXBuildFile; fileRef = FE750ADF238C27270004CF24 /* Main.storyboard */; };
		FE750AE3238C272C0004CF24 /* Assets.xcassets in Resources */ = {isa = PBXBuildFile; fileRef = FE750AE2238C272C0004CF24 /* Assets.xcassets */; };
		FE750AE6238C272C0004CF24 /* LaunchScreen.storyboard in Resources */ = {isa = PBXBuildFile; fileRef = FE750AE4238C272C0004CF24 /* LaunchScreen.storyboard */; };
		FE750AF1238C272C0004CF24 /* wikiDogTests.swift in Sources */ = {isa = PBXBuildFile; fileRef = FE750AF0238C272C0004CF24 /* wikiDogTests.swift */; };
		FE750AFC238C272C0004CF24 /* wikiDogUITests.swift in Sources */ = {isa = PBXBuildFile; fileRef = FE750AFB238C272C0004CF24 /* wikiDogUITests.swift */; };
		FEC4F47C238C2D22005B3A63 /* LaunchScreenViewController.swift in Sources */ = {isa = PBXBuildFile; fileRef = FEC4F47B238C2D22005B3A63 /* LaunchScreenViewController.swift */; };
		FEC4F47E238C2DC8005B3A63 /* Constants.swift in Sources */ = {isa = PBXBuildFile; fileRef = FEC4F47D238C2DC8005B3A63 /* Constants.swift */; };
		FEE43705238C2C2600BB11EF /* Splash.storyboard in Resources */ = {isa = PBXBuildFile; fileRef = FEE43704238C2C2600BB11EF /* Splash.storyboard */; };
/* End PBXBuildFile section */

/* Begin PBXContainerItemProxy section */
		FE750AED238C272C0004CF24 /* PBXContainerItemProxy */ = {
			isa = PBXContainerItemProxy;
			containerPortal = FE750ACE238C27270004CF24 /* Project object */;
			proxyType = 1;
			remoteGlobalIDString = FE750AD5238C27270004CF24;
			remoteInfo = wikiDog;
		};
		FE750AF8238C272C0004CF24 /* PBXContainerItemProxy */ = {
			isa = PBXContainerItemProxy;
			containerPortal = FE750ACE238C27270004CF24 /* Project object */;
			proxyType = 1;
			remoteGlobalIDString = FE750AD5238C27270004CF24;
			remoteInfo = wikiDog;
		};
/* End PBXContainerItemProxy section */

/* Begin PBXFileReference section */
		FE750AD6238C27270004CF24 /* wikiDog.app */ = {isa = PBXFileReference; explicitFileType = wrapper.application; includeInIndex = 0; path = wikiDog.app; sourceTree = BUILT_PRODUCTS_DIR; };
		FE750AD9238C27270004CF24 /* AppDelegate.swift */ = {isa = PBXFileReference; lastKnownFileType = sourcecode.swift; path = AppDelegate.swift; sourceTree = "<group>"; };
		FE750ADD238C27270004CF24 /* ViewController.swift */ = {isa = PBXFileReference; lastKnownFileType = sourcecode.swift; path = ViewController.swift; sourceTree = "<group>"; };
		FE750AE0238C27270004CF24 /* Base */ = {isa = PBXFileReference; lastKnownFileType = file.storyboard; name = Base; path = Base.lproj/Main.storyboard; sourceTree = "<group>"; };
		FE750AE2238C272C0004CF24 /* Assets.xcassets */ = {isa = PBXFileReference; lastKnownFileType = folder.assetcatalog; path = Assets.xcassets; sourceTree = "<group>"; };
		FE750AE5238C272C0004CF24 /* Base */ = {isa = PBXFileReference; lastKnownFileType = file.storyboard; name = Base; path = Base.lproj/LaunchScreen.storyboard; sourceTree = "<group>"; };
		FE750AE7238C272C0004CF24 /* Info.plist */ = {isa = PBXFileReference; lastKnownFileType = text.plist.xml; path = Info.plist; sourceTree = "<group>"; };
		FE750AEC238C272C0004CF24 /* wikiDogTests.xctest */ = {isa = PBXFileReference; explicitFileType = wrapper.cfbundle; includeInIndex = 0; path = wikiDogTests.xctest; sourceTree = BUILT_PRODUCTS_DIR; };
		FE750AF0238C272C0004CF24 /* wikiDogTests.swift */ = {isa = PBXFileReference; lastKnownFileType = sourcecode.swift; path = wikiDogTests.swift; sourceTree = "<group>"; };
		FE750AF2238C272C0004CF24 /* Info.plist */ = {isa = PBXFileReference; lastKnownFileType = text.plist.xml; path = Info.plist; sourceTree = "<group>"; };
		FE750AF7238C272C0004CF24 /* wikiDogUITests.xctest */ = {isa = PBXFileReference; explicitFileType = wrapper.cfbundle; includeInIndex = 0; path = wikiDogUITests.xctest; sourceTree = BUILT_PRODUCTS_DIR; };
		FE750AFB238C272C0004CF24 /* wikiDogUITests.swift */ = {isa = PBXFileReference; lastKnownFileType = sourcecode.swift; path = wikiDogUITests.swift; sourceTree = "<group>"; };
		FE750AFD238C272C0004CF24 /* Info.plist */ = {isa = PBXFileReference; lastKnownFileType = text.plist.xml; path = Info.plist; sourceTree = "<group>"; };
		FEC4F47B238C2D22005B3A63 /* LaunchScreenViewController.swift */ = {isa = PBXFileReference; lastKnownFileType = sourcecode.swift; path = LaunchScreenViewController.swift; sourceTree = "<group>"; };
		FEC4F47D238C2DC8005B3A63 /* Constants.swift */ = {isa = PBXFileReference; lastKnownFileType = sourcecode.swift; path = Constants.swift; sourceTree = "<group>"; };
		FEE43704238C2C2600BB11EF /* Splash.storyboard */ = {isa = PBXFileReference; fileEncoding = 4; lastKnownFileType = file.storyboard; path = Splash.storyboard; sourceTree = "<group>"; };
/* End PBXFileReference section */

/* Begin PBXFrameworksBuildPhase section */
		FE750AD3238C27270004CF24 /* Frameworks */ = {
			isa = PBXFrameworksBuildPhase;
			buildActionMask = 2147483647;
			files = (
			);
			runOnlyForDeploymentPostprocessing = 0;
		};
		FE750AE9238C272C0004CF24 /* Frameworks */ = {
			isa = PBXFrameworksBuildPhase;
			buildActionMask = 2147483647;
			files = (
			);
			runOnlyForDeploymentPostprocessing = 0;
		};
		FE750AF4238C272C0004CF24 /* Frameworks */ = {
			isa = PBXFrameworksBuildPhase;
			buildActionMask = 2147483647;
			files = (
			);
			runOnlyForDeploymentPostprocessing = 0;
		};
/* End PBXFrameworksBuildPhase section */

/* Begin PBXGroup section */
		FE750ACD238C27270004CF24 = {
			isa = PBXGroup;
			children = (
				FE750AD8238C27270004CF24 /* wikiDog */,
				FE750AEF238C272C0004CF24 /* wikiDogTests */,
				FE750AFA238C272C0004CF24 /* wikiDogUITests */,
				FE750AD7238C27270004CF24 /* Products */,
			);
			sourceTree = "<group>";
		};
		FE750AD7238C27270004CF24 /* Products */ = {
			isa = PBXGroup;
			children = (
				FE750AD6238C27270004CF24 /* wikiDog.app */,
				FE750AEC238C272C0004CF24 /* wikiDogTests.xctest */,
				FE750AF7238C272C0004CF24 /* wikiDogUITests.xctest */,
			);
			name = Products;
			sourceTree = "<group>";
		};
		FE750AD8238C27270004CF24 /* wikiDog */ = {
			isa = PBXGroup;
			children = (
				FE750AD9238C27270004CF24 /* AppDelegate.swift */,
				FEE43702238C2C0C00BB11EF /* Resources */,
				FEE43701238C2BEF00BB11EF /* Scenes */,
				FEE43700238C2BE500BB11EF /* Extensions */,
				FEE436FF238C2BD900BB11EF /* Storyboards */,
				FEE436FE238C2BD300BB11EF /* Model */,
				FEE436FD238C2BCC00BB11EF /* Utils */,
				FEE436FC238C2BC000BB11EF /* Constanst */,
				FEE436FB238C2BAF00BB11EF /* Api */,
				FE750AE7238C272C0004CF24 /* Info.plist */,
			);
			path = wikiDog;
			sourceTree = "<group>";
		};
		FE750AEF238C272C0004CF24 /* wikiDogTests */ = {
			isa = PBXGroup;
			children = (
				FE750AF0238C272C0004CF24 /* wikiDogTests.swift */,
				FE750AF2238C272C0004CF24 /* Info.plist */,
			);
			path = wikiDogTests;
			sourceTree = "<group>";
		};
		FE750AFA238C272C0004CF24 /* wikiDogUITests */ = {
			isa = PBXGroup;
			children = (
				FE750AFB238C272C0004CF24 /* wikiDogUITests.swift */,
				FE750AFD238C272C0004CF24 /* Info.plist */,
			);
			path = wikiDogUITests;
			sourceTree = "<group>";
		};
		FEE436FB238C2BAF00BB11EF /* Api */ = {
			isa = PBXGroup;
			children = (
			);
			path = Api;
			sourceTree = "<group>";
		};
		FEE436FC238C2BC000BB11EF /* Constanst */ = {
			isa = PBXGroup;
			children = (
				FEC4F47D238C2DC8005B3A63 /* Constants.swift */,
			);
			path = Constanst;
			sourceTree = "<group>";
		};
		FEE436FD238C2BCC00BB11EF /* Utils */ = {
			isa = PBXGroup;
			children = (
			);
			path = Utils;
			sourceTree = "<group>";
		};
		FEE436FE238C2BD300BB11EF /* Model */ = {
			isa = PBXGroup;
			children = (
			);
			path = Model;
			sourceTree = "<group>";
		};
		FEE436FF238C2BD900BB11EF /* Storyboards */ = {
			isa = PBXGroup;
			children = (
				FE750ADF238C27270004CF24 /* Main.storyboard */,
				FE750AE4238C272C0004CF24 /* LaunchScreen.storyboard */,
			);
			path = Storyboards;
			sourceTree = "<group>";
		};
		FEE43700238C2BE500BB11EF /* Extensions */ = {
			isa = PBXGroup;
			children = (
			);
			path = Extensions;
			sourceTree = "<group>";
		};
		FEE43701238C2BEF00BB11EF /* Scenes */ = {
			isa = PBXGroup;
			children = (
				FEE43706238C2CA600BB11EF /* LaunchScreen */,
				FE750ADD238C27270004CF24 /* ViewController.swift */,
			);
			path = Scenes;
			sourceTree = "<group>";
		};
		FEE43702238C2C0C00BB11EF /* Resources */ = {
			isa = PBXGroup;
			children = (
				FEE43703238C2C2600BB11EF /* Splash */,
				FE750AE2238C272C0004CF24 /* Assets.xcassets */,
			);
			path = Resources;
			sourceTree = "<group>";
		};
		FEE43703238C2C2600BB11EF /* Splash */ = {
			isa = PBXGroup;
			children = (
				FEE43704238C2C2600BB11EF /* Splash.storyboard */,
			);
			path = Splash;
			sourceTree = "<group>";
		};
		FEE43706238C2CA600BB11EF /* LaunchScreen */ = {
			isa = PBXGroup;
			children = (
				FEC4F47B238C2D22005B3A63 /* LaunchScreenViewController.swift */,
			);
			path = LaunchScreen;
			sourceTree = "<group>";
		};
/* End PBXGroup section */

/* Begin PBXNativeTarget section */
		FE750AD5238C27270004CF24 /* wikiDog */ = {
			isa = PBXNativeTarget;
			buildConfigurationList = FE750B00238C272C0004CF24 /* Build configuration list for PBXNativeTarget "wikiDog" */;
			buildPhases = (
				FE750AD2238C27270004CF24 /* Sources */,
				FE750AD3238C27270004CF24 /* Frameworks */,
				FE750AD4238C27270004CF24 /* Resources */,
			);
			buildRules = (
			);
			dependencies = (
			);
			name = wikiDog;
			productName = wikiDog;
			productReference = FE750AD6238C27270004CF24 /* wikiDog.app */;
			productType = "com.apple.product-type.application";
		};
		FE750AEB238C272C0004CF24 /* wikiDogTests */ = {
			isa = PBXNativeTarget;
			buildConfigurationList = FE750B03238C272C0004CF24 /* Build configuration list for PBXNativeTarget "wikiDogTests" */;
			buildPhases = (
				FE750AE8238C272C0004CF24 /* Sources */,
				FE750AE9238C272C0004CF24 /* Frameworks */,
				FE750AEA238C272C0004CF24 /* Resources */,
			);
			buildRules = (
			);
			dependencies = (
				FE750AEE238C272C0004CF24 /* PBXTargetDependency */,
			);
			name = wikiDogTests;
			productName = wikiDogTests;
			productReference = FE750AEC238C272C0004CF24 /* wikiDogTests.xctest */;
			productType = "com.apple.product-type.bundle.unit-test";
		};
		FE750AF6238C272C0004CF24 /* wikiDogUITests */ = {
			isa = PBXNativeTarget;
			buildConfigurationList = FE750B06238C272C0004CF24 /* Build configuration list for PBXNativeTarget "wikiDogUITests" */;
			buildPhases = (
				FE750AF3238C272C0004CF24 /* Sources */,
				FE750AF4238C272C0004CF24 /* Frameworks */,
				FE750AF5238C272C0004CF24 /* Resources */,
			);
			buildRules = (
			);
			dependencies = (
				FE750AF9238C272C0004CF24 /* PBXTargetDependency */,
			);
			name = wikiDogUITests;
			productName = wikiDogUITests;
			productReference = FE750AF7238C272C0004CF24 /* wikiDogUITests.xctest */;
			productType = "com.apple.product-type.bundle.ui-testing";
		};
/* End PBXNativeTarget section */

/* Begin PBXProject section */
		FE750ACE238C27270004CF24 /* Project object */ = {
			isa = PBXProject;
			attributes = {
				LastSwiftUpdateCheck = 1110;
				LastUpgradeCheck = 1110;
				ORGANIZATIONNAME = Dromero;
				TargetAttributes = {
					FE750AD5238C27270004CF24 = {
						CreatedOnToolsVersion = 11.1;
					};
					FE750AEB238C272C0004CF24 = {
						CreatedOnToolsVersion = 11.1;
						TestTargetID = FE750AD5238C27270004CF24;
					};
					FE750AF6238C272C0004CF24 = {
						CreatedOnToolsVersion = 11.1;
						TestTargetID = FE750AD5238C27270004CF24;
					};
				};
			};
			buildConfigurationList = FE750AD1238C27270004CF24 /* Build configuration list for PBXProject "wikiDog" */;
			compatibilityVersion = "Xcode 9.3";
			developmentRegion = en;
			hasScannedForEncodings = 0;
			knownRegions = (
				en,
				Base,
			);
			mainGroup = FE750ACD238C27270004CF24;
			productRefGroup = FE750AD7238C27270004CF24 /* Products */;
			projectDirPath = "";
			projectRoot = "";
			targets = (
				FE750AD5238C27270004CF24 /* wikiDog */,
				FE750AEB238C272C0004CF24 /* wikiDogTests */,
				FE750AF6238C272C0004CF24 /* wikiDogUITests */,
			);
		};
/* End PBXProject section */

/* Begin PBXResourcesBuildPhase section */
		FE750AD4238C27270004CF24 /* Resources */ = {
			isa = PBXResourcesBuildPhase;
			buildActionMask = 2147483647;
			files = (
				FE750AE6238C272C0004CF24 /* LaunchScreen.storyboard in Resources */,
				FE750AE3238C272C0004CF24 /* Assets.xcassets in Resources */,
				FE750AE1238C27270004CF24 /* Main.storyboard in Resources */,
				FEE43705238C2C2600BB11EF /* Splash.storyboard in Resources */,
			);
			runOnlyForDeploymentPostprocessing = 0;
		};
		FE750AEA238C272C0004CF24 /* Resources */ = {
			isa = PBXResourcesBuildPhase;
			buildActionMask = 2147483647;
			files = (
			);
			runOnlyForDeploymentPostprocessing = 0;
		};
		FE750AF5238C272C0004CF24 /* Resources */ = {
			isa = PBXResourcesBuildPhase;
			buildActionMask = 2147483647;
			files = (
			);
			runOnlyForDeploymentPostprocessing = 0;
		};
/* End PBXResourcesBuildPhase section */

/* Begin PBXSourcesBuildPhase section */
		FE750AD2238C27270004CF24 /* Sources */ = {
			isa = PBXSourcesBuildPhase;
			buildActionMask = 2147483647;
			files = (
				FEC4F47E238C2DC8005B3A63 /* Constants.swift in Sources */,
				FE750ADE238C27270004CF24 /* ViewController.swift in Sources */,
				FE750ADA238C27270004CF24 /* AppDelegate.swift in Sources */,
				FEC4F47C238C2D22005B3A63 /* LaunchScreenViewController.swift in Sources */,
			);
			runOnlyForDeploymentPostprocessing = 0;
		};
		FE750AE8238C272C0004CF24 /* Sources */ = {
			isa = PBXSourcesBuildPhase;
			buildActionMask = 2147483647;
			files = (
				FE750AF1238C272C0004CF24 /* wikiDogTests.swift in Sources */,
			);
			runOnlyForDeploymentPostprocessing = 0;
		};
		FE750AF3238C272C0004CF24 /* Sources */ = {
			isa = PBXSourcesBuildPhase;
			buildActionMask = 2147483647;
			files = (
				FE750AFC238C272C0004CF24 /* wikiDogUITests.swift in Sources */,
			);
			runOnlyForDeploymentPostprocessing = 0;
		};
/* End PBXSourcesBuildPhase section */

/* Begin PBXTargetDependency section */
		FE750AEE238C272C0004CF24 /* PBXTargetDependency */ = {
			isa = PBXTargetDependency;
			target = FE750AD5238C27270004CF24 /* wikiDog */;
			targetProxy = FE750AED238C272C0004CF24 /* PBXContainerItemProxy */;
		};
		FE750AF9238C272C0004CF24 /* PBXTargetDependency */ = {
			isa = PBXTargetDependency;
			target = FE750AD5238C27270004CF24 /* wikiDog */;
			targetProxy = FE750AF8238C272C0004CF24 /* PBXContainerItemProxy */;
		};
/* End PBXTargetDependency section */

/* Begin PBXVariantGroup section */
		FE750ADF238C27270004CF24 /* Main.storyboard */ = {
			isa = PBXVariantGroup;
			children = (
				FE750AE0238C27270004CF24 /* Base */,
			);
			name = Main.storyboard;
			sourceTree = "<group>";
		};
		FE750AE4238C272C0004CF24 /* LaunchScreen.storyboard */ = {
			isa = PBXVariantGroup;
			children = (
				FE750AE5238C272C0004CF24 /* Base */,
			);
			name = LaunchScreen.storyboard;
			sourceTree = "<group>";
		};
/* End PBXVariantGroup section */

/* Begin XCBuildConfiguration section */
		FE750AFE238C272C0004CF24 /* Debug */ = {
			isa = XCBuildConfiguration;
			buildSettings = {
				ALWAYS_SEARCH_USER_PATHS = NO;
				CLANG_ANALYZER_NONNULL = YES;
				CLANG_ANALYZER_NUMBER_OBJECT_CONVERSION = YES_AGGRESSIVE;
				CLANG_CXX_LANGUAGE_STANDARD = "gnu++14";
				CLANG_CXX_LIBRARY = "libc++";
				CLANG_ENABLE_MODULES = YES;
				CLANG_ENABLE_OBJC_ARC = YES;
				CLANG_ENABLE_OBJC_WEAK = YES;
				CLANG_WARN_BLOCK_CAPTURE_AUTORELEASING = YES;
				CLANG_WARN_BOOL_CONVERSION = YES;
				CLANG_WARN_COMMA = YES;
				CLANG_WARN_CONSTANT_CONVERSION = YES;
				CLANG_WARN_DEPRECATED_OBJC_IMPLEMENTATIONS = YES;
				CLANG_WARN_DIRECT_OBJC_ISA_USAGE = YES_ERROR;
				CLANG_WARN_DOCUMENTATION_COMMENTS = YES;
				CLANG_WARN_EMPTY_BODY = YES;
				CLANG_WARN_ENUM_CONVERSION = YES;
				CLANG_WARN_INFINITE_RECURSION = YES;
				CLANG_WARN_INT_CONVERSION = YES;
				CLANG_WARN_NON_LITERAL_NULL_CONVERSION = YES;
				CLANG_WARN_OBJC_IMPLICIT_RETAIN_SELF = YES;
				CLANG_WARN_OBJC_LITERAL_CONVERSION = YES;
				CLANG_WARN_OBJC_ROOT_CLASS = YES_ERROR;
				CLANG_WARN_RANGE_LOOP_ANALYSIS = YES;
				CLANG_WARN_STRICT_PROTOTYPES = YES;
				CLANG_WARN_SUSPICIOUS_MOVE = YES;
				CLANG_WARN_UNGUARDED_AVAILABILITY = YES_AGGRESSIVE;
				CLANG_WARN_UNREACHABLE_CODE = YES;
				CLANG_WARN__DUPLICATE_METHOD_MATCH = YES;
				COPY_PHASE_STRIP = NO;
				DEBUG_INFORMATION_FORMAT = dwarf;
				ENABLE_STRICT_OBJC_MSGSEND = YES;
				ENABLE_TESTABILITY = YES;
				GCC_C_LANGUAGE_STANDARD = gnu11;
				GCC_DYNAMIC_NO_PIC = NO;
				GCC_NO_COMMON_BLOCKS = YES;
				GCC_OPTIMIZATION_LEVEL = 0;
				GCC_PREPROCESSOR_DEFINITIONS = (
					"DEBUG=1",
					"$(inherited)",
				);
				GCC_WARN_64_TO_32_BIT_CONVERSION = YES;
				GCC_WARN_ABOUT_RETURN_TYPE = YES_ERROR;
				GCC_WARN_UNDECLARED_SELECTOR = YES;
				GCC_WARN_UNINITIALIZED_AUTOS = YES_AGGRESSIVE;
				GCC_WARN_UNUSED_FUNCTION = YES;
				GCC_WARN_UNUSED_VARIABLE = YES;
				IPHONEOS_DEPLOYMENT_TARGET = 13.1;
				MTL_ENABLE_DEBUG_INFO = INCLUDE_SOURCE;
				MTL_FAST_MATH = YES;
				ONLY_ACTIVE_ARCH = YES;
				SDKROOT = iphoneos;
				SWIFT_ACTIVE_COMPILATION_CONDITIONS = DEBUG;
				SWIFT_OPTIMIZATION_LEVEL = "-Onone";
			};
			name = Debug;
		};
		FE750AFF238C272C0004CF24 /* Release */ = {
			isa = XCBuildConfiguration;
			buildSettings = {
				ALWAYS_SEARCH_USER_PATHS = NO;
				CLANG_ANALYZER_NONNULL = YES;
				CLANG_ANALYZER_NUMBER_OBJECT_CONVERSION = YES_AGGRESSIVE;
				CLANG_CXX_LANGUAGE_STANDARD = "gnu++14";
				CLANG_CXX_LIBRARY = "libc++";
				CLANG_ENABLE_MODULES = YES;
				CLANG_ENABLE_OBJC_ARC = YES;
				CLANG_ENABLE_OBJC_WEAK = YES;
				CLANG_WARN_BLOCK_CAPTURE_AUTORELEASING = YES;
				CLANG_WARN_BOOL_CONVERSION = YES;
				CLANG_WARN_COMMA = YES;
				CLANG_WARN_CONSTANT_CONVERSION = YES;
				CLANG_WARN_DEPRECATED_OBJC_IMPLEMENTATIONS = YES;
				CLANG_WARN_DIRECT_OBJC_ISA_USAGE = YES_ERROR;
				CLANG_WARN_DOCUMENTATION_COMMENTS = YES;
				CLANG_WARN_EMPTY_BODY = YES;
				CLANG_WARN_ENUM_CONVERSION = YES;
				CLANG_WARN_INFINITE_RECURSION = YES;
				CLANG_WARN_INT_CONVERSION = YES;
				CLANG_WARN_NON_LITERAL_NULL_CONVERSION = YES;
				CLANG_WARN_OBJC_IMPLICIT_RETAIN_SELF = YES;
				CLANG_WARN_OBJC_LITERAL_CONVERSION = YES;
				CLANG_WARN_OBJC_ROOT_CLASS = YES_ERROR;
				CLANG_WARN_RANGE_LOOP_ANALYSIS = YES;
				CLANG_WARN_STRICT_PROTOTYPES = YES;
				CLANG_WARN_SUSPICIOUS_MOVE = YES;
				CLANG_WARN_UNGUARDED_AVAILABILITY = YES_AGGRESSIVE;
				CLANG_WARN_UNREACHABLE_CODE = YES;
				CLANG_WARN__DUPLICATE_METHOD_MATCH = YES;
				COPY_PHASE_STRIP = NO;
				DEBUG_INFORMATION_FORMAT = "dwarf-with-dsym";
				ENABLE_NS_ASSERTIONS = NO;
				ENABLE_STRICT_OBJC_MSGSEND = YES;
				GCC_C_LANGUAGE_STANDARD = gnu11;
				GCC_NO_COMMON_BLOCKS = YES;
				GCC_WARN_64_TO_32_BIT_CONVERSION = YES;
				GCC_WARN_ABOUT_RETURN_TYPE = YES_ERROR;
				GCC_WARN_UNDECLARED_SELECTOR = YES;
				GCC_WARN_UNINITIALIZED_AUTOS = YES_AGGRESSIVE;
				GCC_WARN_UNUSED_FUNCTION = YES;
				GCC_WARN_UNUSED_VARIABLE = YES;
				IPHONEOS_DEPLOYMENT_TARGET = 13.1;
				MTL_ENABLE_DEBUG_INFO = NO;
				MTL_FAST_MATH = YES;
				SDKROOT = iphoneos;
				SWIFT_COMPILATION_MODE = wholemodule;
				SWIFT_OPTIMIZATION_LEVEL = "-O";
				VALIDATE_PRODUCT = YES;
			};
			name = Release;
		};
		FE750B01238C272C0004CF24 /* Debug */ = {
			isa = XCBuildConfiguration;
			buildSettings = {
				ASSETCATALOG_COMPILER_APPICON_NAME = AppIcon;
				CODE_SIGN_STYLE = Automatic;
				DEVELOPMENT_TEAM = VP6733N44J;
				INFOPLIST_FILE = wikiDog/Info.plist;
				LD_RUNPATH_SEARCH_PATHS = (
					"$(inherited)",
					"@executable_path/Frameworks",
				);
				PRODUCT_BUNDLE_IDENTIFIER = Dromero.wikiDog;
				PRODUCT_NAME = "$(TARGET_NAME)";
				SWIFT_VERSION = 5.0;
				TARGETED_DEVICE_FAMILY = "1,2";
			};
			name = Debug;
		};
		FE750B02238C272C0004CF24 /* Release */ = {
			isa = XCBuildConfiguration;
			buildSettings = {
				ASSETCATALOG_COMPILER_APPICON_NAME = AppIcon;
				CODE_SIGN_STYLE = Automatic;
				DEVELOPMENT_TEAM = VP6733N44J;
				INFOPLIST_FILE = wikiDog/Info.plist;
				LD_RUNPATH_SEARCH_PATHS = (
					"$(inherited)",
					"@executable_path/Frameworks",
				);
				PRODUCT_BUNDLE_IDENTIFIER = Dromero.wikiDog;
				PRODUCT_NAME = "$(TARGET_NAME)";
				SWIFT_VERSION = 5.0;
				TARGETED_DEVICE_FAMILY = "1,2";
			};
			name = Release;
		};
		FE750B04238C272C0004CF24 /* Debug */ = {
			isa = XCBuildConfiguration;
			buildSettings = {
				ALWAYS_EMBED_SWIFT_STANDARD_LIBRARIES = YES;
				BUNDLE_LOADER = "$(TEST_HOST)";
				CODE_SIGN_STYLE = Automatic;
				DEVELOPMENT_TEAM = VP6733N44J;
				INFOPLIST_FILE = wikiDogTests/Info.plist;
				IPHONEOS_DEPLOYMENT_TARGET = 13.1;
				LD_RUNPATH_SEARCH_PATHS = (
					"$(inherited)",
					"@executable_path/Frameworks",
					"@loader_path/Frameworks",
				);
				PRODUCT_BUNDLE_IDENTIFIER = Dromero.wikiDogTests;
				PRODUCT_NAME = "$(TARGET_NAME)";
				SWIFT_VERSION = 5.0;
				TARGETED_DEVICE_FAMILY = "1,2";
				TEST_HOST = "$(BUILT_PRODUCTS_DIR)/wikiDog.app/wikiDog";
			};
			name = Debug;
		};
		FE750B05238C272C0004CF24 /* Release */ = {
			isa = XCBuildConfiguration;
			buildSettings = {
				ALWAYS_EMBED_SWIFT_STANDARD_LIBRARIES = YES;
				BUNDLE_LOADER = "$(TEST_HOST)";
				CODE_SIGN_STYLE = Automatic;
				DEVELOPMENT_TEAM = VP6733N44J;
				INFOPLIST_FILE = wikiDogTests/Info.plist;
				IPHONEOS_DEPLOYMENT_TARGET = 13.1;
				LD_RUNPATH_SEARCH_PATHS = (
					"$(inherited)",
					"@executable_path/Frameworks",
					"@loader_path/Frameworks",
				);
				PRODUCT_BUNDLE_IDENTIFIER = Dromero.wikiDogTests;
				PRODUCT_NAME = "$(TARGET_NAME)";
				SWIFT_VERSION = 5.0;
				TARGETED_DEVICE_FAMILY = "1,2";
				TEST_HOST = "$(BUILT_PRODUCTS_DIR)/wikiDog.app/wikiDog";
			};
			name = Release;
		};
		FE750B07238C272C0004CF24 /* Debug */ = {
			isa = XCBuildConfiguration;
			buildSettings = {
				ALWAYS_EMBED_SWIFT_STANDARD_LIBRARIES = YES;
				CODE_SIGN_STYLE = Automatic;
				DEVELOPMENT_TEAM = VP6733N44J;
				INFOPLIST_FILE = wikiDogUITests/Info.plist;
				LD_RUNPATH_SEARCH_PATHS = (
					"$(inherited)",
					"@executable_path/Frameworks",
					"@loader_path/Frameworks",
				);
				PRODUCT_BUNDLE_IDENTIFIER = Dromero.wikiDogUITests;
				PRODUCT_NAME = "$(TARGET_NAME)";
				SWIFT_VERSION = 5.0;
				TARGETED_DEVICE_FAMILY = "1,2";
				TEST_TARGET_NAME = wikiDog;
			};
			name = Debug;
		};
		FE750B08238C272C0004CF24 /* Release */ = {
			isa = XCBuildConfiguration;
			buildSettings = {
				ALWAYS_EMBED_SWIFT_STANDARD_LIBRARIES = YES;
				CODE_SIGN_STYLE = Automatic;
				DEVELOPMENT_TEAM = VP6733N44J;
				INFOPLIST_FILE = wikiDogUITests/Info.plist;
				LD_RUNPATH_SEARCH_PATHS = (
					"$(inherited)",
					"@executable_path/Frameworks",
					"@loader_path/Frameworks",
				);
				PRODUCT_BUNDLE_IDENTIFIER = Dromero.wikiDogUITests;
				PRODUCT_NAME = "$(TARGET_NAME)";
				SWIFT_VERSION = 5.0;
				TARGETED_DEVICE_FAMILY = "1,2";
				TEST_TARGET_NAME = wikiDog;
			};
			name = Release;
		};
/* End XCBuildConfiguration section */

/* Begin XCConfigurationList section */
		FE750AD1238C27270004CF24 /* Build configuration list for PBXProject "wikiDog" */ = {
			isa = XCConfigurationList;
			buildConfigurations = (
				FE750AFE238C272C0004CF24 /* Debug */,
				FE750AFF238C272C0004CF24 /* Release */,
			);
			defaultConfigurationIsVisible = 0;
			defaultConfigurationName = Release;
		};
		FE750B00238C272C0004CF24 /* Build configuration list for PBXNativeTarget "wikiDog" */ = {
			isa = XCConfigurationList;
			buildConfigurations = (
				FE750B01238C272C0004CF24 /* Debug */,
				FE750B02238C272C0004CF24 /* Release */,
			);
			defaultConfigurationIsVisible = 0;
			defaultConfigurationName = Release;
		};
		FE750B03238C272C0004CF24 /* Build configuration list for PBXNativeTarget "wikiDogTests" */ = {
			isa = XCConfigurationList;
			buildConfigurations = (
				FE750B04238C272C0004CF24 /* Debug */,
				FE750B05238C272C0004CF24 /* Release */,
			);
			defaultConfigurationIsVisible = 0;
			defaultConfigurationName = Release;
		};
		FE750B06238C272C0004CF24 /* Build configuration list for PBXNativeTarget "wikiDogUITests" */ = {
			isa = XCConfigurationList;
			buildConfigurations = (
				FE750B07238C272C0004CF24 /* Debug */,
				FE750B08238C272C0004CF24 /* Release */,
			);
			defaultConfigurationIsVisible = 0;
			defaultConfigurationName = Release;
		};
/* End XCConfigurationList section */
	};
	rootObject = FE750ACE238C27270004CF24 /* Project object */;
}
